
Microsoft Visual Studio Solution File, Format Version 12.00
# Visual Studio Version 17
VisualStudioVersion = 17.3.32819.101
MinimumVisualStudioVersion = 10.0.40219.1
Project("{FAE04EC0-301F-11D3-BF4B-00C04F79EFBC}") = "Activity02_databaseApplication", "Activity02_databaseApplication.csproj", "{B8A39693-935A-441D-ABDB-95C2F8CC6ACC}"
EndProject
Global
	GlobalSection(SolutionConfigurationPlatforms) = preSolution
		Debug|Any CPU = Debug|Any CPU
		Release|Any CPU = Release|Any CPU
	EndGlobalSection
	GlobalSection(ProjectConfigurationPlatforms) = postSolution
		{B8A39693-935A-441D-ABDB-95C2F8CC6ACC}.Debug|Any CPU.ActiveCfg = Debug|Any CPU
		{B8A39693-935A-441D-ABDB-95C2F8CC6ACC}.Debug|Any CPU.Build.0 = Debug|Any CPU
		{B8A39693-935A-441D-ABDB-95C2F8CC6ACC}.Release|Any CPU.ActiveCfg = Release|Any CPU
		{B8A39693-935A-441D-ABDB-95C2F8CC6ACC}.Release|Any CPU.Build.0 = Release|Any CPU
	EndGlobalSection
	GlobalSection(SolutionProperties) = preSolution
		HideSolutionNode = FALSE
	EndGlobalSection
	GlobalSection(ExtensibilityGlobals) = postSolution
		SolutionGuid = {ED48EF75-CDDB-46D2-97B3-01B42C0CD99A}
	EndGlobalSection
EndGlobal
