
Microsoft Visual Studio Solution File, Format Version 12.00
# Visual Studio Version 17
VisualStudioVersion = 17.3.32819.101
MinimumVisualStudioVersion = 10.0.40219.1
Project("{FAE04EC0-301F-11D3-BF4B-00C04F79EFBC}") = "Activity01_EditorApp", "Activity01_EditorApp.csproj", "{8A17B2BA-9BD4-4B18-808B-9129A688D1FA}"
EndProject
Global
	GlobalSection(SolutionConfigurationPlatforms) = preSolution
		Debug|Any CPU = Debug|Any CPU
		Release|Any CPU = Release|Any CPU
	EndGlobalSection
	GlobalSection(ProjectConfigurationPlatforms) = postSolution
		{8A17B2BA-9BD4-4B18-808B-9129A688D1FA}.Debug|Any CPU.ActiveCfg = Debug|Any CPU
		{8A17B2BA-9BD4-4B18-808B-9129A688D1FA}.Debug|Any CPU.Build.0 = Debug|Any CPU
		{8A17B2BA-9BD4-4B18-808B-9129A688D1FA}.Release|Any CPU.ActiveCfg = Release|Any CPU
		{8A17B2BA-9BD4-4B18-808B-9129A688D1FA}.Release|Any CPU.Build.0 = Release|Any CPU
	EndGlobalSection
	GlobalSection(SolutionProperties) = preSolution
		HideSolutionNode = FALSE
	EndGlobalSection
	GlobalSection(ExtensibilityGlobals) = postSolution
		SolutionGuid = {CAE945BC-B6A7-4927-929A-31F2A784F324}
	EndGlobalSection
EndGlobal
