
Microsoft Visual Studio Solution File, Format Version 12.00
# Visual Studio Version 17
VisualStudioVersion = 17.3.32819.101
MinimumVisualStudioVersion = 10.0.40219.1
Project("{FAE04EC0-301F-11D3-BF4B-00C04F79EFBC}") = "testProject", "testProject.csproj", "{484FDED9-4E08-48C0-8173-CF9B89316B3B}"
EndProject
Global
	GlobalSection(SolutionConfigurationPlatforms) = preSolution
		Debug|Any CPU = Debug|Any CPU
		Release|Any CPU = Release|Any CPU
	EndGlobalSection
	GlobalSection(ProjectConfigurationPlatforms) = postSolution
		{484FDED9-4E08-48C0-8173-CF9B89316B3B}.Debug|Any CPU.ActiveCfg = Debug|Any CPU
		{484FDED9-4E08-48C0-8173-CF9B89316B3B}.Debug|Any CPU.Build.0 = Debug|Any CPU
		{484FDED9-4E08-48C0-8173-CF9B89316B3B}.Release|Any CPU.ActiveCfg = Release|Any CPU
		{484FDED9-4E08-48C0-8173-CF9B89316B3B}.Release|Any CPU.Build.0 = Release|Any CPU
	EndGlobalSection
	GlobalSection(SolutionProperties) = preSolution
		HideSolutionNode = FALSE
	EndGlobalSection
	GlobalSection(ExtensibilityGlobals) = postSolution
		SolutionGuid = {FCD9CD35-968E-41BC-B838-3393D7B2B451}
	EndGlobalSection
EndGlobal
